
Microsoft Visual Studio Solution File, Format Version 11.00
# Visual Studio 2010
Project("{FAE04EC0-301F-11D3-BF4B-00C04F79EFBC}") = "SuperArmy", "Assembly-CSharp.csproj", "{92402D02-66C9-B95E-9AC2-EAA32BD90FEE}"
EndProject
Global
	GlobalSection(SolutionConfigurationPlatforms) = preSolution
		Debug|Any CPU = Debug|Any CPU
		Release|Any CPU = Release|Any CPU
	EndGlobalSection
	GlobalSection(ProjectConfigurationPlatforms) = postSolution
		{92402D02-66C9-B95E-9AC2-EAA32BD90FEE}.Debug|Any CPU.ActiveCfg = Debug|Any CPU
		{92402D02-66C9-B95E-9AC2-EAA32BD90FEE}.Debug|Any CPU.Build.0 = Debug|Any CPU
		{92402D02-66C9-B95E-9AC2-EAA32BD90FEE}.Release|Any CPU.ActiveCfg = Release|Any CPU
		{92402D02-66C9-B95E-9AC2-EAA32BD90FEE}.Release|Any CPU.Build.0 = Release|Any CPU
	EndGlobalSection
	GlobalSection(SolutionProperties) = preSolution
		HideSolutionNode = FALSE
	EndGlobalSection
	GlobalSection(MonoDevelopProperties) = preSolution
		StartupItem = Assembly-CSharp.csproj
	EndGlobalSection
EndGlobal
